
Microsoft Visual Studio Solution File, Format Version 12.00
# Visual Studio Version 17
VisualStudioVersion = 17.3.32901.215
MinimumVisualStudioVersion = 10.0.40219.1
Project("{FAE04EC0-301F-11D3-BF4B-00C04F79EFBC}") = "BookStoreApi", "BookStoreApi\BookStoreApi.csproj", "{4F606440-9BC2-439D-9B1A-C4FAC789B0BB}"
EndProject
Global
	GlobalSection(SolutionConfigurationPlatforms) = preSolution
		Debug|Any CPU = Debug|Any CPU
		Release|Any CPU = Release|Any CPU
	EndGlobalSection
	GlobalSection(ProjectConfigurationPlatforms) = postSolution
		{4F606440-9BC2-439D-9B1A-C4FAC789B0BB}.Debug|Any CPU.ActiveCfg = Debug|Any CPU
		{4F606440-9BC2-439D-9B1A-C4FAC789B0BB}.Debug|Any CPU.Build.0 = Debug|Any CPU
		{4F606440-9BC2-439D-9B1A-C4FAC789B0BB}.Release|Any CPU.ActiveCfg = Release|Any CPU
		{4F606440-9BC2-439D-9B1A-C4FAC789B0BB}.Release|Any CPU.Build.0 = Release|Any CPU
	EndGlobalSection
	GlobalSection(SolutionProperties) = preSolution
		HideSolutionNode = FALSE
	EndGlobalSection
	GlobalSection(ExtensibilityGlobals) = postSolution
		SolutionGuid = {D0137F26-6B7E-426E-8BE0-86F1FE3D5F2A}
	EndGlobalSection
EndGlobal
